
Microsoft Visual Studio Solution File, Format Version 12.00
# Visual Studio Version 17
VisualStudioVersion = 17.7.34024.191
MinimumVisualStudioVersion = 10.0.40219.1
Project("{2150E333-8FDC-42A3-9474-1A3956D46DE8}") = "API", "API", "{9CA02B9F-E568-4C47-AF36-4385A6B5B48E}"
EndProject
Project("{2150E333-8FDC-42A3-9474-1A3956D46DE8}") = "Domain", "Domain", "{DE26EA26-EDFF-42E2-A8CE-347A35536242}"
EndProject
Project("{2150E333-8FDC-42A3-9474-1A3956D46DE8}") = "Infrastructure", "Infrastructure", "{6A8530A4-B81E-4DE2-8227-44B24921EA02}"
EndProject
Project("{2150E333-8FDC-42A3-9474-1A3956D46DE8}") = "Tests", "Tests", "{C3179F43-108C-4246-8599-3E8D8947E402}"
EndProject
Project("{9A19103F-16F7-4668-BE54-9A1E7A4F7556}") = "Bank.API", "API\Bank.API\Bank.API.csproj", "{3C5938C1-21DB-4EFC-ADF3-A4C1C99B5FF7}"
EndProject
Project("{9A19103F-16F7-4668-BE54-9A1E7A4F7556}") = "Bank.BusinessRules", "Domain\Bank.BusinessRules\Bank.BusinessRules.csproj", "{03C5C314-6A72-480F-B331-9FAEA25510AA}"
EndProject
Project("{9A19103F-16F7-4668-BE54-9A1E7A4F7556}") = "Bank.Entities", "Domain\Bank.Entities\Bank.Entities.csproj", "{F8E68FDD-D797-41AC-BEAD-82CA0A457DE1}"
EndProject
Project("{9A19103F-16F7-4668-BE54-9A1E7A4F7556}") = "Bank.Context", "Infrastructure\Bank.Context\Bank.Context.csproj", "{47916414-4FC7-4776-9D84-DE67E3F43C5B}"
EndProject
Project("{9A19103F-16F7-4668-BE54-9A1E7A4F7556}") = "Bank.Repository", "Infrastructure\Bank.Repository\Bank.Repository.csproj", "{4F3E485B-A6A2-4AD9-9FE9-78484A5BAE24}"
EndProject
Project("{9A19103F-16F7-4668-BE54-9A1E7A4F7556}") = "Entities.UnitTests", "Tests\Entities.UnitTests\Entities.UnitTests.csproj", "{2589C4C7-DE61-4FF3-B1EE-1CDFB06ACE6A}"
EndProject
Project("{2150E333-8FDC-42A3-9474-1A3956D46DE8}") = "Tools", "Tools", "{F9840675-1E85-46CB-A118-508DE09D0D74}"
EndProject
Project("{9A19103F-16F7-4668-BE54-9A1E7A4F7556}") = "Bank.Tools", "Tools\Bank.Tools\Bank.Tools.csproj", "{2B0DBEFA-DECA-4F06-BC26-0C6D8ECF1958}"
EndProject
Project("{9A19103F-16F7-4668-BE54-9A1E7A4F7556}") = "Tools.UnitTests", "Tests\Tools.UnitTests\Tools.UnitTests.csproj", "{ADDF32C5-530B-4E1A-BD4D-D7BE01CA24D9}"
EndProject
Project("{9A19103F-16F7-4668-BE54-9A1E7A4F7556}") = "Repository.UnitTests", "Tests\Repository.UnitTests\Repository.UnitTests.csproj", "{773DABCB-354A-41B9-B04E-82FA59D36FD1}"
EndProject
Project("{9A19103F-16F7-4668-BE54-9A1E7A4F7556}") = "Bank.IoC", "Infrastructure\Bank.IoC\Bank.IoC.csproj", "{3D57B97F-E220-40A2-B417-5C9BF9917210}"
EndProject
Project("{9A19103F-16F7-4668-BE54-9A1E7A4F7556}") = "Tests.Helper", "Tests\Tests.Helper\Tests.Helper.csproj", "{97E586FE-2984-4B5F-AB5C-6B0F64610571}"
EndProject
Project("{9A19103F-16F7-4668-BE54-9A1E7A4F7556}") = "EntitiesLogics.UnitTests", "Tests\EntitiesLogics.UnitTests\EntitiesLogics.UnitTests.csproj", "{3F094AC6-58B3-474F-B054-0C781842C73B}"
EndProject
Project("{9A19103F-16F7-4668-BE54-9A1E7A4F7556}") = "Handlers.UnitTests", "Tests\Handlers.UnitTests\Handlers.UnitTests.csproj", "{3443F3B6-155A-484C-8D03-0CF41227CC0F}"
EndProject
Global
	GlobalSection(SolutionConfigurationPlatforms) = preSolution
		Debug|Any CPU = Debug|Any CPU
		Release|Any CPU = Release|Any CPU
	EndGlobalSection
	GlobalSection(ProjectConfigurationPlatforms) = postSolution
		{3C5938C1-21DB-4EFC-ADF3-A4C1C99B5FF7}.Debug|Any CPU.ActiveCfg = Debug|Any CPU
		{3C5938C1-21DB-4EFC-ADF3-A4C1C99B5FF7}.Debug|Any CPU.Build.0 = Debug|Any CPU
		{3C5938C1-21DB-4EFC-ADF3-A4C1C99B5FF7}.Release|Any CPU.ActiveCfg = Release|Any CPU
		{3C5938C1-21DB-4EFC-ADF3-A4C1C99B5FF7}.Release|Any CPU.Build.0 = Release|Any CPU
		{03C5C314-6A72-480F-B331-9FAEA25510AA}.Debug|Any CPU.ActiveCfg = Debug|Any CPU
		{03C5C314-6A72-480F-B331-9FAEA25510AA}.Debug|Any CPU.Build.0 = Debug|Any CPU
		{03C5C314-6A72-480F-B331-9FAEA25510AA}.Release|Any CPU.ActiveCfg = Release|Any CPU
		{03C5C314-6A72-480F-B331-9FAEA25510AA}.Release|Any CPU.Build.0 = Release|Any CPU
		{F8E68FDD-D797-41AC-BEAD-82CA0A457DE1}.Debug|Any CPU.ActiveCfg = Debug|Any CPU
		{F8E68FDD-D797-41AC-BEAD-82CA0A457DE1}.Debug|Any CPU.Build.0 = Debug|Any CPU
		{F8E68FDD-D797-41AC-BEAD-82CA0A457DE1}.Release|Any CPU.ActiveCfg = Release|Any CPU
		{F8E68FDD-D797-41AC-BEAD-82CA0A457DE1}.Release|Any CPU.Build.0 = Release|Any CPU
		{47916414-4FC7-4776-9D84-DE67E3F43C5B}.Debug|Any CPU.ActiveCfg = Debug|Any CPU
		{47916414-4FC7-4776-9D84-DE67E3F43C5B}.Debug|Any CPU.Build.0 = Debug|Any CPU
		{47916414-4FC7-4776-9D84-DE67E3F43C5B}.Release|Any CPU.ActiveCfg = Release|Any CPU
		{47916414-4FC7-4776-9D84-DE67E3F43C5B}.Release|Any CPU.Build.0 = Release|Any CPU
		{4F3E485B-A6A2-4AD9-9FE9-78484A5BAE24}.Debug|Any CPU.ActiveCfg = Debug|Any CPU
		{4F3E485B-A6A2-4AD9-9FE9-78484A5BAE24}.Debug|Any CPU.Build.0 = Debug|Any CPU
		{4F3E485B-A6A2-4AD9-9FE9-78484A5BAE24}.Release|Any CPU.ActiveCfg = Release|Any CPU
		{4F3E485B-A6A2-4AD9-9FE9-78484A5BAE24}.Release|Any CPU.Build.0 = Release|Any CPU
		{2589C4C7-DE61-4FF3-B1EE-1CDFB06ACE6A}.Debug|Any CPU.ActiveCfg = Debug|Any CPU
		{2589C4C7-DE61-4FF3-B1EE-1CDFB06ACE6A}.Debug|Any CPU.Build.0 = Debug|Any CPU
		{2589C4C7-DE61-4FF3-B1EE-1CDFB06ACE6A}.Release|Any CPU.ActiveCfg = Release|Any CPU
		{2589C4C7-DE61-4FF3-B1EE-1CDFB06ACE6A}.Release|Any CPU.Build.0 = Release|Any CPU
		{2B0DBEFA-DECA-4F06-BC26-0C6D8ECF1958}.Debug|Any CPU.ActiveCfg = Debug|Any CPU
		{2B0DBEFA-DECA-4F06-BC26-0C6D8ECF1958}.Debug|Any CPU.Build.0 = Debug|Any CPU
		{2B0DBEFA-DECA-4F06-BC26-0C6D8ECF1958}.Release|Any CPU.ActiveCfg = Release|Any CPU
		{2B0DBEFA-DECA-4F06-BC26-0C6D8ECF1958}.Release|Any CPU.Build.0 = Release|Any CPU
		{ADDF32C5-530B-4E1A-BD4D-D7BE01CA24D9}.Debug|Any CPU.ActiveCfg = Debug|Any CPU
		{ADDF32C5-530B-4E1A-BD4D-D7BE01CA24D9}.Debug|Any CPU.Build.0 = Debug|Any CPU
		{ADDF32C5-530B-4E1A-BD4D-D7BE01CA24D9}.Release|Any CPU.ActiveCfg = Release|Any CPU
		{ADDF32C5-530B-4E1A-BD4D-D7BE01CA24D9}.Release|Any CPU.Build.0 = Release|Any CPU
		{773DABCB-354A-41B9-B04E-82FA59D36FD1}.Debug|Any CPU.ActiveCfg = Debug|Any CPU
		{773DABCB-354A-41B9-B04E-82FA59D36FD1}.Debug|Any CPU.Build.0 = Debug|Any CPU
		{773DABCB-354A-41B9-B04E-82FA59D36FD1}.Release|Any CPU.ActiveCfg = Release|Any CPU
		{773DABCB-354A-41B9-B04E-82FA59D36FD1}.Release|Any CPU.Build.0 = Release|Any CPU
		{3D57B97F-E220-40A2-B417-5C9BF9917210}.Debug|Any CPU.ActiveCfg = Debug|Any CPU
		{3D57B97F-E220-40A2-B417-5C9BF9917210}.Debug|Any CPU.Build.0 = Debug|Any CPU
		{3D57B97F-E220-40A2-B417-5C9BF9917210}.Release|Any CPU.ActiveCfg = Release|Any CPU
		{3D57B97F-E220-40A2-B417-5C9BF9917210}.Release|Any CPU.Build.0 = Release|Any CPU
		{97E586FE-2984-4B5F-AB5C-6B0F64610571}.Debug|Any CPU.ActiveCfg = Debug|Any CPU
		{97E586FE-2984-4B5F-AB5C-6B0F64610571}.Debug|Any CPU.Build.0 = Debug|Any CPU
		{97E586FE-2984-4B5F-AB5C-6B0F64610571}.Release|Any CPU.ActiveCfg = Release|Any CPU
		{97E586FE-2984-4B5F-AB5C-6B0F64610571}.Release|Any CPU.Build.0 = Release|Any CPU
		{3F094AC6-58B3-474F-B054-0C781842C73B}.Debug|Any CPU.ActiveCfg = Debug|Any CPU
		{3F094AC6-58B3-474F-B054-0C781842C73B}.Debug|Any CPU.Build.0 = Debug|Any CPU
		{3F094AC6-58B3-474F-B054-0C781842C73B}.Release|Any CPU.ActiveCfg = Release|Any CPU
		{3F094AC6-58B3-474F-B054-0C781842C73B}.Release|Any CPU.Build.0 = Release|Any CPU
		{3443F3B6-155A-484C-8D03-0CF41227CC0F}.Debug|Any CPU.ActiveCfg = Debug|Any CPU
		{3443F3B6-155A-484C-8D03-0CF41227CC0F}.Debug|Any CPU.Build.0 = Debug|Any CPU
		{3443F3B6-155A-484C-8D03-0CF41227CC0F}.Release|Any CPU.ActiveCfg = Release|Any CPU
		{3443F3B6-155A-484C-8D03-0CF41227CC0F}.Release|Any CPU.Build.0 = Release|Any CPU
	EndGlobalSection
	GlobalSection(SolutionProperties) = preSolution
		HideSolutionNode = FALSE
	EndGlobalSection
	GlobalSection(NestedProjects) = preSolution
		{3C5938C1-21DB-4EFC-ADF3-A4C1C99B5FF7} = {9CA02B9F-E568-4C47-AF36-4385A6B5B48E}
		{03C5C314-6A72-480F-B331-9FAEA25510AA} = {DE26EA26-EDFF-42E2-A8CE-347A35536242}
		{F8E68FDD-D797-41AC-BEAD-82CA0A457DE1} = {DE26EA26-EDFF-42E2-A8CE-347A35536242}
		{47916414-4FC7-4776-9D84-DE67E3F43C5B} = {6A8530A4-B81E-4DE2-8227-44B24921EA02}
		{4F3E485B-A6A2-4AD9-9FE9-78484A5BAE24} = {6A8530A4-B81E-4DE2-8227-44B24921EA02}
		{2589C4C7-DE61-4FF3-B1EE-1CDFB06ACE6A} = {C3179F43-108C-4246-8599-3E8D8947E402}
		{2B0DBEFA-DECA-4F06-BC26-0C6D8ECF1958} = {F9840675-1E85-46CB-A118-508DE09D0D74}
		{ADDF32C5-530B-4E1A-BD4D-D7BE01CA24D9} = {C3179F43-108C-4246-8599-3E8D8947E402}
		{773DABCB-354A-41B9-B04E-82FA59D36FD1} = {C3179F43-108C-4246-8599-3E8D8947E402}
		{3D57B97F-E220-40A2-B417-5C9BF9917210} = {6A8530A4-B81E-4DE2-8227-44B24921EA02}
		{97E586FE-2984-4B5F-AB5C-6B0F64610571} = {C3179F43-108C-4246-8599-3E8D8947E402}
		{3F094AC6-58B3-474F-B054-0C781842C73B} = {C3179F43-108C-4246-8599-3E8D8947E402}
		{3443F3B6-155A-484C-8D03-0CF41227CC0F} = {C3179F43-108C-4246-8599-3E8D8947E402}
	EndGlobalSection
	GlobalSection(ExtensibilityGlobals) = postSolution
		SolutionGuid = {4B7C9E2C-6904-4479-8815-F6D560E0F57D}
	EndGlobalSection
EndGlobal
